
Microsoft Visual Studio Solution File, Format Version 12.00
# Visual Studio Version 17
VisualStudioVersion = 17.0.31903.59
MinimumVisualStudioVersion = 10.0.40219.1
Project("{2150E333-8FDC-42A3-9474-1A3956D46DE8}") = "src", "src", "{F2E16516-AB65-4700-B30E-D6EDE7F9395B}"
EndProject
Project("{FAE04EC0-301F-11D3-BF4B-00C04F79EFBC}") = "Epistola.Client", "src\Epistola.Client\Epistola.Client.csproj", "{CA31F8DB-72B3-4C16-97A7-759B541BE58F}"
EndProject
Project("{FAE04EC0-301F-11D3-BF4B-00C04F79EFBC}") = "Epistola.Client.Gen", "src\Epistola.Client.Gen\Epistola.Client.Gen.csproj", "{CF940628-E2FC-4B77-9375-1838E0C3ABFA}"
EndProject
Project("{2150E333-8FDC-42A3-9474-1A3956D46DE8}") = "test", "test", "{649283DD-2150-4E43-A8BC-8DDD8D10E107}"
EndProject
Project("{FAE04EC0-301F-11D3-BF4B-00C04F79EFBC}") = "Epistola.Client.Tests", "test\Epistola.Client.Tests\Epistola.Client.Tests.csproj", "{4E353540-B51F-434C-9143-31538E08B30E}"
EndProject
Global
	GlobalSection(SolutionConfigurationPlatforms) = preSolution
		Debug|Any CPU = Debug|Any CPU
		Release|Any CPU = Release|Any CPU
	EndGlobalSection
	GlobalSection(SolutionProperties) = preSolution
		HideSolutionNode = FALSE
	EndGlobalSection
	GlobalSection(ProjectConfigurationPlatforms) = postSolution
		{CA31F8DB-72B3-4C16-97A7-759B541BE58F}.Debug|Any CPU.ActiveCfg = Debug|Any CPU
		{CA31F8DB-72B3-4C16-97A7-759B541BE58F}.Debug|Any CPU.Build.0 = Debug|Any CPU
		{CA31F8DB-72B3-4C16-97A7-759B541BE58F}.Release|Any CPU.ActiveCfg = Release|Any CPU
		{CA31F8DB-72B3-4C16-97A7-759B541BE58F}.Release|Any CPU.Build.0 = Release|Any CPU
		{CF940628-E2FC-4B77-9375-1838E0C3ABFA}.Debug|Any CPU.ActiveCfg = Debug|Any CPU
		{CF940628-E2FC-4B77-9375-1838E0C3ABFA}.Debug|Any CPU.Build.0 = Debug|Any CPU
		{CF940628-E2FC-4B77-9375-1838E0C3ABFA}.Release|Any CPU.ActiveCfg = Release|Any CPU
		{CF940628-E2FC-4B77-9375-1838E0C3ABFA}.Release|Any CPU.Build.0 = Release|Any CPU
		{4E353540-B51F-434C-9143-31538E08B30E}.Debug|Any CPU.ActiveCfg = Debug|Any CPU
		{4E353540-B51F-434C-9143-31538E08B30E}.Debug|Any CPU.Build.0 = Debug|Any CPU
		{4E353540-B51F-434C-9143-31538E08B30E}.Release|Any CPU.ActiveCfg = Release|Any CPU
		{4E353540-B51F-434C-9143-31538E08B30E}.Release|Any CPU.Build.0 = Release|Any CPU
	EndGlobalSection
	GlobalSection(NestedProjects) = preSolution
		{CA31F8DB-72B3-4C16-97A7-759B541BE58F} = {F2E16516-AB65-4700-B30E-D6EDE7F9395B}
		{CF940628-E2FC-4B77-9375-1838E0C3ABFA} = {F2E16516-AB65-4700-B30E-D6EDE7F9395B}
		{4E353540-B51F-434C-9143-31538E08B30E} = {649283DD-2150-4E43-A8BC-8DDD8D10E107}
	EndGlobalSection
EndGlobal
